
Microsoft Visual Studio Solution File, Format Version 12.00
Project("{FAE04EC0-301F-11D3-BF4B-00C04F79EFBC}") = "Day01", "Day01\Day01.csproj", "{1711398E-D800-4941-AA26-EB82BA7C1B75}"
EndProject
Project("{FAE04EC0-301F-11D3-BF4B-00C04F79EFBC}") = "Day02", "Day02\Day02.csproj", "{5F66E1BC-C275-4405-8D31-5F88CC48422A}"
EndProject
Project("{FAE04EC0-301F-11D3-BF4B-00C04F79EFBC}") = "Day03", "Day03\Day03.csproj", "{4168C0C6-95FD-42B7-B576-58C35C927E6A}"
EndProject
Project("{FAE04EC0-301F-11D3-BF4B-00C04F79EFBC}") = "Day05", "Day05\Day05.csproj", "{B628924D-FFA5-4050-8369-74553935FE00}"
EndProject
Project("{FAE04EC0-301F-11D3-BF4B-00C04F79EFBC}") = "Day04", "Day04\Day04.csproj", "{34978CE1-F6F8-4B16-81A9-AA5AC2312F57}"
EndProject
Global
	GlobalSection(SolutionConfigurationPlatforms) = preSolution
		Debug|Any CPU = Debug|Any CPU
		Release|Any CPU = Release|Any CPU
	EndGlobalSection
	GlobalSection(ProjectConfigurationPlatforms) = postSolution
		{1711398E-D800-4941-AA26-EB82BA7C1B75}.Debug|Any CPU.ActiveCfg = Debug|Any CPU
		{1711398E-D800-4941-AA26-EB82BA7C1B75}.Debug|Any CPU.Build.0 = Debug|Any CPU
		{1711398E-D800-4941-AA26-EB82BA7C1B75}.Release|Any CPU.ActiveCfg = Release|Any CPU
		{1711398E-D800-4941-AA26-EB82BA7C1B75}.Release|Any CPU.Build.0 = Release|Any CPU
		{5F66E1BC-C275-4405-8D31-5F88CC48422A}.Debug|Any CPU.ActiveCfg = Debug|Any CPU
		{5F66E1BC-C275-4405-8D31-5F88CC48422A}.Debug|Any CPU.Build.0 = Debug|Any CPU
		{5F66E1BC-C275-4405-8D31-5F88CC48422A}.Release|Any CPU.ActiveCfg = Release|Any CPU
		{5F66E1BC-C275-4405-8D31-5F88CC48422A}.Release|Any CPU.Build.0 = Release|Any CPU
		{4168C0C6-95FD-42B7-B576-58C35C927E6A}.Debug|Any CPU.ActiveCfg = Debug|Any CPU
		{4168C0C6-95FD-42B7-B576-58C35C927E6A}.Debug|Any CPU.Build.0 = Debug|Any CPU
		{4168C0C6-95FD-42B7-B576-58C35C927E6A}.Release|Any CPU.ActiveCfg = Release|Any CPU
		{4168C0C6-95FD-42B7-B576-58C35C927E6A}.Release|Any CPU.Build.0 = Release|Any CPU
		{B628924D-FFA5-4050-8369-74553935FE00}.Debug|Any CPU.ActiveCfg = Debug|Any CPU
		{B628924D-FFA5-4050-8369-74553935FE00}.Debug|Any CPU.Build.0 = Debug|Any CPU
		{B628924D-FFA5-4050-8369-74553935FE00}.Release|Any CPU.ActiveCfg = Release|Any CPU
		{B628924D-FFA5-4050-8369-74553935FE00}.Release|Any CPU.Build.0 = Release|Any CPU
		{34978CE1-F6F8-4B16-81A9-AA5AC2312F57}.Debug|Any CPU.ActiveCfg = Debug|Any CPU
		{34978CE1-F6F8-4B16-81A9-AA5AC2312F57}.Debug|Any CPU.Build.0 = Debug|Any CPU
		{34978CE1-F6F8-4B16-81A9-AA5AC2312F57}.Release|Any CPU.ActiveCfg = Release|Any CPU
		{34978CE1-F6F8-4B16-81A9-AA5AC2312F57}.Release|Any CPU.Build.0 = Release|Any CPU
	EndGlobalSection
EndGlobal
