
Microsoft Visual Studio Solution File, Format Version 12.00
Project("{FAE04EC0-301F-11D3-BF4B-00C04F79EFBC}") = "AOC.2022.Day02", "2022\AOC.2022.Day02\AOC.2022.Day02.csproj", "{08D0498F-0A59-4F5B-A400-DDDD29E8D65C}"
EndProject
Project("{FAE04EC0-301F-11D3-BF4B-00C04F79EFBC}") = "AOC.2022.Day03", "2022\AOC.2022.Day03\AOC.2022.Day03.csproj", "{903ACD66-E627-473E-8883-E46B9C881D20}"
EndProject
Project("{FAE04EC0-301F-11D3-BF4B-00C04F79EFBC}") = "AOC.2022.Day07", "2022\AOC.2022.Day07\AOC.2022.Day07.csproj", "{F1611970-01BA-41AF-943F-EEF0A07A5385}"
EndProject
Project("{2150E333-8FDC-42A3-9474-1A3956D46DE8}") = "2022", "2022", "{1BC1DCB1-966F-4778-B99F-7A47C3A5960B}"
EndProject
Project("{2150E333-8FDC-42A3-9474-1A3956D46DE8}") = "2023", "2023", "{C9318F13-4201-4D4A-A12F-8E70C7A8F701}"
EndProject
Project("{FAE04EC0-301F-11D3-BF4B-00C04F79EFBC}") = "AOC.2023.Day01", "2023\AOC.2023.Day01\AOC.2023.Day01.csproj", "{225603D3-79A5-480A-8425-11BFD87F4589}"
EndProject
Project("{FAE04EC0-301F-11D3-BF4B-00C04F79EFBC}") = "AOC.2023.Day02", "2023\AOC.2023.Day02\AOC.2023.Day02.csproj", "{4AAF4FEC-7D12-435B-8394-D9BD629FC107}"
EndProject
Project("{FAE04EC0-301F-11D3-BF4B-00C04F79EFBC}") = "AOC.2023.Day03", "2023\AOC.2023.Day03\AOC.2023.Day03.csproj", "{EAAACED9-C789-4320-B8FA-BB63FD5167AF}"
EndProject
Project("{FAE04EC0-301F-11D3-BF4B-00C04F79EFBC}") = "AOC.2023.Day04", "2023\AOC.2023.Day04\AOC.2023.Day04.csproj", "{65711CC0-E918-44DD-AAE4-34979C7474EE}"
EndProject
Project("{FAE04EC0-301F-11D3-BF4B-00C04F79EFBC}") = "AOC.2023.Day05", "2023\AOC.2023.Day05\AOC.2023.Day05.csproj", "{FD6704CD-48C7-41F8-966C-D7E3023C5954}"
EndProject
Global
	GlobalSection(SolutionConfigurationPlatforms) = preSolution
		Debug|Any CPU = Debug|Any CPU
		Release|Any CPU = Release|Any CPU
	EndGlobalSection
	GlobalSection(ProjectConfigurationPlatforms) = postSolution
		{08D0498F-0A59-4F5B-A400-DDDD29E8D65C}.Debug|Any CPU.ActiveCfg = Debug|Any CPU
		{08D0498F-0A59-4F5B-A400-DDDD29E8D65C}.Debug|Any CPU.Build.0 = Debug|Any CPU
		{08D0498F-0A59-4F5B-A400-DDDD29E8D65C}.Release|Any CPU.ActiveCfg = Release|Any CPU
		{08D0498F-0A59-4F5B-A400-DDDD29E8D65C}.Release|Any CPU.Build.0 = Release|Any CPU
		{903ACD66-E627-473E-8883-E46B9C881D20}.Debug|Any CPU.ActiveCfg = Debug|Any CPU
		{903ACD66-E627-473E-8883-E46B9C881D20}.Debug|Any CPU.Build.0 = Debug|Any CPU
		{903ACD66-E627-473E-8883-E46B9C881D20}.Release|Any CPU.ActiveCfg = Release|Any CPU
		{903ACD66-E627-473E-8883-E46B9C881D20}.Release|Any CPU.Build.0 = Release|Any CPU
		{F1611970-01BA-41AF-943F-EEF0A07A5385}.Debug|Any CPU.ActiveCfg = Debug|Any CPU
		{F1611970-01BA-41AF-943F-EEF0A07A5385}.Debug|Any CPU.Build.0 = Debug|Any CPU
		{F1611970-01BA-41AF-943F-EEF0A07A5385}.Release|Any CPU.ActiveCfg = Release|Any CPU
		{F1611970-01BA-41AF-943F-EEF0A07A5385}.Release|Any CPU.Build.0 = Release|Any CPU
		{225603D3-79A5-480A-8425-11BFD87F4589}.Debug|Any CPU.ActiveCfg = Debug|Any CPU
		{225603D3-79A5-480A-8425-11BFD87F4589}.Debug|Any CPU.Build.0 = Debug|Any CPU
		{225603D3-79A5-480A-8425-11BFD87F4589}.Release|Any CPU.ActiveCfg = Release|Any CPU
		{225603D3-79A5-480A-8425-11BFD87F4589}.Release|Any CPU.Build.0 = Release|Any CPU
		{4AAF4FEC-7D12-435B-8394-D9BD629FC107}.Debug|Any CPU.ActiveCfg = Debug|Any CPU
		{4AAF4FEC-7D12-435B-8394-D9BD629FC107}.Debug|Any CPU.Build.0 = Debug|Any CPU
		{4AAF4FEC-7D12-435B-8394-D9BD629FC107}.Release|Any CPU.ActiveCfg = Release|Any CPU
		{4AAF4FEC-7D12-435B-8394-D9BD629FC107}.Release|Any CPU.Build.0 = Release|Any CPU
		{EAAACED9-C789-4320-B8FA-BB63FD5167AF}.Debug|Any CPU.ActiveCfg = Debug|Any CPU
		{EAAACED9-C789-4320-B8FA-BB63FD5167AF}.Debug|Any CPU.Build.0 = Debug|Any CPU
		{EAAACED9-C789-4320-B8FA-BB63FD5167AF}.Release|Any CPU.ActiveCfg = Release|Any CPU
		{EAAACED9-C789-4320-B8FA-BB63FD5167AF}.Release|Any CPU.Build.0 = Release|Any CPU
		{65711CC0-E918-44DD-AAE4-34979C7474EE}.Debug|Any CPU.ActiveCfg = Debug|Any CPU
		{65711CC0-E918-44DD-AAE4-34979C7474EE}.Debug|Any CPU.Build.0 = Debug|Any CPU
		{65711CC0-E918-44DD-AAE4-34979C7474EE}.Release|Any CPU.ActiveCfg = Release|Any CPU
		{65711CC0-E918-44DD-AAE4-34979C7474EE}.Release|Any CPU.Build.0 = Release|Any CPU
		{FD6704CD-48C7-41F8-966C-D7E3023C5954}.Debug|Any CPU.ActiveCfg = Debug|Any CPU
		{FD6704CD-48C7-41F8-966C-D7E3023C5954}.Debug|Any CPU.Build.0 = Debug|Any CPU
		{FD6704CD-48C7-41F8-966C-D7E3023C5954}.Release|Any CPU.ActiveCfg = Release|Any CPU
		{FD6704CD-48C7-41F8-966C-D7E3023C5954}.Release|Any CPU.Build.0 = Release|Any CPU
	EndGlobalSection
	GlobalSection(NestedProjects) = preSolution
		{08D0498F-0A59-4F5B-A400-DDDD29E8D65C} = {1BC1DCB1-966F-4778-B99F-7A47C3A5960B}
		{903ACD66-E627-473E-8883-E46B9C881D20} = {1BC1DCB1-966F-4778-B99F-7A47C3A5960B}
		{F1611970-01BA-41AF-943F-EEF0A07A5385} = {1BC1DCB1-966F-4778-B99F-7A47C3A5960B}
		{225603D3-79A5-480A-8425-11BFD87F4589} = {C9318F13-4201-4D4A-A12F-8E70C7A8F701}
		{4AAF4FEC-7D12-435B-8394-D9BD629FC107} = {C9318F13-4201-4D4A-A12F-8E70C7A8F701}
		{EAAACED9-C789-4320-B8FA-BB63FD5167AF} = {C9318F13-4201-4D4A-A12F-8E70C7A8F701}
		{65711CC0-E918-44DD-AAE4-34979C7474EE} = {C9318F13-4201-4D4A-A12F-8E70C7A8F701}
		{FD6704CD-48C7-41F8-966C-D7E3023C5954} = {C9318F13-4201-4D4A-A12F-8E70C7A8F701}
	EndGlobalSection
EndGlobal
